schema: '2.0'
stages:
  baixar:
    cmd: python -m checagens.bases.baixar
    deps:
    - path: data/externos/google_factcheck.json
      hash: md5
      md5: 4b7f9971b28088152df68aab5c2ecb69
      size: 790950
    - path: src/checagens/bases/baixar.py
      hash: md5
      md5: a9adcf26044bee0140bf2a2c23c15536
      size: 2640
    - path: src/checagens/bases/fontes.py
      hash: md5
      md5: 4ff25ecd46215620a0090b765d79556b
      size: 2688
    outs:
    - path: data/brutos
      hash: md5
      md5: ecfaaf2402dcecb5958a9b28920e3577.dir
      size: 138737779
      nfiles: 8
  checagens:
    cmd: python -m checagens.bases.checagens
    deps:
    - path: data/brutos/factchecksbr
      hash: md5
      md5: 24eaf4df211dbd1210a351121622750f.dir
      size: 40450581
      nfiles: 1
    - path: data/brutos/factckbr
      hash: md5
      md5: 6e0096c701a6b1242ca33f58f393904b.dir
      size: 721314
      nfiles: 1
    - path: data/brutos/factpolcheckbr
      hash: md5
      md5: b55f96d8e399c9eed551fcda6ee4cc15.dir
      size: 5035762
      nfiles: 1
    - path: src/checagens/bases/checagens.py
      hash: md5
      md5: 9573a1fb76cce58f2c15bf7f0fc2d1f7
      size: 13803
    - path: src/checagens/bases/texto.py
      hash: md5
      md5: 65a8c97d35f7cd3518b1c3bcece134e0
      size: 5965
    - path: src/checagens/bases/vereditos.py
      hash: md5
      md5: 7f07e32abf331c930c0d04745e21e828
      size: 5423
    outs:
    - path: data/processados/checagens/amostra_teste_30.json
      hash: md5
      md5: 3eb9003fef1ca860291cba76baadc7a2
      size: 12881
    - path: data/processados/checagens/checagens.json
      hash: md5
      md5: e5bd2e5e28bebc53151e9ced47532f64
      size: 4905967
    - path: data/relatorios/checagens.json
      hash: md5
      md5: 4113bf7ca6ad4b794bebe30a31e2e2b3
      size: 16813
  treino:
    cmd: python -m checagens.bases.treino --corte 2018-09-15
    deps:
    - path: data/brutos/fakebr
      hash: md5
      md5: 1293584341f6724490b1551167378211.dir
      size: 31825189
      nfiles: 1
    - path: data/brutos/faketweetbr
      hash: md5
      md5: 557f889baa92436bdbf3c48f5f3ae920.dir
      size: 103474
      nfiles: 2
    - path: data/brutos/fakewhatsappbr
      hash: md5
      md5: a833edbf609d74166e1b08a8f25d7edb.dir
      size: 60570352
      nfiles: 1
    - path: src/checagens/bases/texto.py
      hash: md5
      md5: 65a8c97d35f7cd3518b1c3bcece134e0
      size: 5965
    - path: src/checagens/bases/treino.py
      hash: md5
      md5: d9263a1c3595d3cccd348fc3d95a6ab2
      size: 14886
    outs:
    - path: data/processados/treino/teste.csv
      hash: md5
      md5: 559d8bb466f4eef4539858010c1786c2
      size: 2494995
    - path: data/processados/treino/teste_curtos.csv
      hash: md5
      md5: 08df6c4d9a9c2bcbc74e64dcd69adbf0
      size: 70337
    - path: data/processados/treino/treino.csv
      hash: md5
      md5: eb612d40cb5c34a93664e00dce0bafee
      size: 10461770
    - path: data/relatorios/treino.json
      hash: md5
      md5: bec3ecc88dde1a061916646c29944370
      size: 39367
  indice:
    cmd: python -m inteligencia.busca --construir
    deps:
    - path: data/processados/checagens/checagens.json
      hash: md5
      md5: 0b8a3f5d447e50c95cf0b38e5b441d2b
      size: 4424617
    - path: src/inteligencia/busca.py
      hash: md5
      md5: 457b84f534e6501de8f75cdce8423272
      size: 10448
    outs:
    - path: data/indices/camada1
      hash: md5
      md5: 330bf6e57f4e3d18f822554a15d4c130.dir
      size: 20276150
      nfiles: 3
  calibrar:
    cmd: python -m inteligencia.calibracao
    deps:
    - path: data/indices/camada1
      hash: md5
      md5: 330bf6e57f4e3d18f822554a15d4c130.dir
      size: 20276150
      nfiles: 3
    - path: data/testes_benchmark.json
      hash: md5
      md5: 2b1475b26c00c474c95af088a9022ee5
      size: 17548
    - path: src/inteligencia/busca.py
      hash: md5
      md5: 457b84f534e6501de8f75cdce8423272
      size: 10448
    - path: src/inteligencia/calibracao.py
      hash: md5
      md5: 4787c74e222ebab30384c58f8587b19e
      size: 9591
    outs:
    - path: experiments/results/calibracao_camada1.csv
      hash: md5
      md5: 56e37e53344666d91e08d705d4e1405e
      size: 56804
    - path: experiments/results/calibracao_camada1_casos.csv
      hash: md5
      md5: 3c5b18f5559ed2d6a1236e2fcf4cd3fc
      size: 14331
  treinar:
    cmd: python -m inteligencia.treino
    deps:
    - path: data/processados/treino/teste.csv
      hash: md5
      md5: 559d8bb466f4eef4539858010c1786c2
      size: 2494995
    - path: data/processados/treino/teste_curtos.csv
      hash: md5
      md5: 08df6c4d9a9c2bcbc74e64dcd69adbf0
      size: 70337
    - path: data/processados/treino/treino.csv
      hash: md5
      md5: eb612d40cb5c34a93664e00dce0bafee
      size: 10461770
    - path: src/inteligencia/classificador.py
      hash: md5
      md5: 2afb55b024f6402afd755e1b56d8dc2c
      size: 7244
    - path: src/inteligencia/treino.py
      hash: md5
      md5: 9363077db22a184a79b10d400f434807
      size: 10525
    params:
      params.yaml:
        camada2:
          ngram_range:
          - 1
          - 2
          min_df: 2
          C: 1.0
          max_iter: 1000
          folds: 5
          margem_faixas: 0.1
        semente: 42
    outs:
    - path: experiments/results/metricas_camada2.json
      hash: md5
      md5: 5c0bdcdcbe73a1b2617389dfb1c510fd
      size: 1557
    - path: experiments/results/params_camada2.json
      hash: md5
      md5: 1aeeeb72a78aba85908269e5626e1cfe
      size: 559
    - path: models/classificador.joblib
      hash: md5
      md5: 6800a57344021dbebfeafb4b7f9d4b1e
      size: 5925890
